// !$*UTF8*$!
{
	archiveVersion = 1;
	classes = {
	};
	objectVersion = 56;
	objects = {

/* Begin PBXBuildFile section */
		B27C2055288F411900D6C75F /* SwiftAPIApp.swift in Sources */ = {isa = PBXBuildFile; fileRef = B27C2054288F411900D6C75F /* SwiftAPIApp.swift */; };
		B27C2057288F411900D6C75F /* ContentView.swift in Sources */ = {isa = PBXBuildFile; fileRef = B27C2056288F411900D6C75F /* ContentView.swift */; };
		B27C2059288F411900D6C75F /* Assets.xcassets in Resources */ = {isa = PBXBuildFile; fileRef = B27C2058288F411900D6C75F /* Assets.xcassets */; };
		B27C205C288F411900D6C75F /* Preview Assets.xcassets in Resources */ = {isa = PBXBuildFile; fileRef = B27C205B288F411900D6C75F /* Preview Assets.xcassets */; };
		B27C2068288F43B300D6C75F /* HTTPMethod.swift in Sources */ = {isa = PBXBuildFile; fileRef = B27C2067288F43B300D6C75F /* HTTPMethod.swift */; };
		B27C206A288F441200D6C75F /* HTTPStatusCode.swift in Sources */ = {isa = PBXBuildFile; fileRef = B27C2069288F441200D6C75F /* HTTPStatusCode.swift */; };
		B27C206C288F450600D6C75F /* HTTPParameters.swift in Sources */ = {isa = PBXBuildFile; fileRef = B27C206B288F450600D6C75F /* HTTPParameters.swift */; };
		B27C206E288F453800D6C75F /* HTTPHeader.swift in Sources */ = {isa = PBXBuildFile; fileRef = B27C206D288F453800D6C75F /* HTTPHeader.swift */; };
		B27C2070288F49E200D6C75F /* EndpointType.swift in Sources */ = {isa = PBXBuildFile; fileRef = B27C206F288F49E200D6C75F /* EndpointType.swift */; };
		B27C2074288F615B00D6C75F /* APIClient.swift in Sources */ = {isa = PBXBuildFile; fileRef = B27C2073288F615B00D6C75F /* APIClient.swift */; };
		B27C2076288F92DA00D6C75F /* Company.swift in Sources */ = {isa = PBXBuildFile; fileRef = B27C2075288F92DA00D6C75F /* Company.swift */; };
		B27C207A288F937F00D6C75F /* CompaniesTeamworkResponse.swift in Sources */ = {isa = PBXBuildFile; fileRef = B27C2079288F937F00D6C75F /* CompaniesTeamworkResponse.swift */; };
		B27C207C288F939C00D6C75F /* CompaniesViewModel.swift in Sources */ = {isa = PBXBuildFile; fileRef = B27C207B288F939C00D6C75F /* CompaniesViewModel.swift */; };
		B27C207E288F947D00D6C75F /* Endpoint.swift in Sources */ = {isa = PBXBuildFile; fileRef = B27C207D288F947D00D6C75F /* Endpoint.swift */; };
		B289A63328AAD61700BA5585 /* CompaniesAirtableResponse.swift in Sources */ = {isa = PBXBuildFile; fileRef = B289A63228AAD61700BA5585 /* CompaniesAirtableResponse.swift */; };
		B289A63528AAE65A00BA5585 /* AppSecrets.swift in Sources */ = {isa = PBXBuildFile; fileRef = B289A63428AAE65A00BA5585 /* AppSecrets.swift */; };
/* End PBXBuildFile section */

/* Begin PBXFileReference section */
		B27C2051288F411900D6C75F /* SwiftAPI.app */ = {isa = PBXFileReference; explicitFileType = wrapper.application; includeInIndex = 0; path = SwiftAPI.app; sourceTree = BUILT_PRODUCTS_DIR; };
		B27C2054288F411900D6C75F /* SwiftAPIApp.swift */ = {isa = PBXFileReference; lastKnownFileType = sourcecode.swift; path = SwiftAPIApp.swift; sourceTree = "<group>"; };
		B27C2056288F411900D6C75F /* ContentView.swift */ = {isa = PBXFileReference; lastKnownFileType = sourcecode.swift; path = ContentView.swift; sourceTree = "<group>"; };
		B27C2058288F411900D6C75F /* Assets.xcassets */ = {isa = PBXFileReference; lastKnownFileType = folder.assetcatalog; path = Assets.xcassets; sourceTree = "<group>"; };
		B27C205B288F411900D6C75F /* Preview Assets.xcassets */ = {isa = PBXFileReference; lastKnownFileType = folder.assetcatalog; path = "Preview Assets.xcassets"; sourceTree = "<group>"; };
		B27C2067288F43B300D6C75F /* HTTPMethod.swift */ = {isa = PBXFileReference; lastKnownFileType = sourcecode.swift; path = HTTPMethod.swift; sourceTree = "<group>"; };
		B27C2069288F441200D6C75F /* HTTPStatusCode.swift */ = {isa = PBXFileReference; lastKnownFileType = sourcecode.swift; path = HTTPStatusCode.swift; sourceTree = "<group>"; };
		B27C206B288F450600D6C75F /* HTTPParameters.swift */ = {isa = PBXFileReference; lastKnownFileType = sourcecode.swift; path = HTTPParameters.swift; sourceTree = "<group>"; };
		B27C206D288F453800D6C75F /* HTTPHeader.swift */ = {isa = PBXFileReference; lastKnownFileType = sourcecode.swift; path = HTTPHeader.swift; sourceTree = "<group>"; };
		B27C206F288F49E200D6C75F /* EndpointType.swift */ = {isa = PBXFileReference; lastKnownFileType = sourcecode.swift; path = EndpointType.swift; sourceTree = "<group>"; };
		B27C2073288F615B00D6C75F /* APIClient.swift */ = {isa = PBXFileReference; lastKnownFileType = sourcecode.swift; path = APIClient.swift; sourceTree = "<group>"; };
		B27C2075288F92DA00D6C75F /* Company.swift */ = {isa = PBXFileReference; lastKnownFileType = sourcecode.swift; path = Company.swift; sourceTree = "<group>"; };
		B27C2079288F937F00D6C75F /* CompaniesTeamworkResponse.swift */ = {isa = PBXFileReference; lastKnownFileType = sourcecode.swift; path = CompaniesTeamworkResponse.swift; sourceTree = "<group>"; };
		B27C207B288F939C00D6C75F /* CompaniesViewModel.swift */ = {isa = PBXFileReference; lastKnownFileType = sourcecode.swift; path = CompaniesViewModel.swift; sourceTree = "<group>"; };
		B27C207D288F947D00D6C75F /* Endpoint.swift */ = {isa = PBXFileReference; lastKnownFileType = sourcecode.swift; path = Endpoint.swift; sourceTree = "<group>"; };
		B289A63228AAD61700BA5585 /* CompaniesAirtableResponse.swift */ = {isa = PBXFileReference; lastKnownFileType = sourcecode.swift; path = CompaniesAirtableResponse.swift; sourceTree = "<group>"; };
		B289A63428AAE65A00BA5585 /* AppSecrets.swift */ = {isa = PBXFileReference; lastKnownFileType = sourcecode.swift; path = AppSecrets.swift; sourceTree = "<group>"; };
/* End PBXFileReference section */

/* Begin PBXFrameworksBuildPhase section */
		B27C204E288F411900D6C75F /* Frameworks */ = {
			isa = PBXFrameworksBuildPhase;
			buildActionMask = 2147483647;
			files = (
			);
			runOnlyForDeploymentPostprocessing = 0;
		};
/* End PBXFrameworksBuildPhase section */

/* Begin PBXGroup section */
		B27C2048288F411900D6C75F = {
			isa = PBXGroup;
			children = (
				B27C2053288F411900D6C75F /* SwiftAPI */,
				B27C2052288F411900D6C75F /* Products */,
			);
			sourceTree = "<group>";
		};
		B27C2052288F411900D6C75F /* Products */ = {
			isa = PBXGroup;
			children = (
				B27C2051288F411900D6C75F /* SwiftAPI.app */,
			);
			name = Products;
			sourceTree = "<group>";
		};
		B27C2053288F411900D6C75F /* SwiftAPI */ = {
			isa = PBXGroup;
			children = (
				B27C2066288F436F00D6C75F /* Application */,
				B27C2062288F434100D6C75F /* Networking */,
				B27C2065288F436B00D6C75F /* Models */,
				B27C2064288F436100D6C75F /* ViewModels */,
				B27C2063288F435400D6C75F /* Views */,
				B27C2058288F411900D6C75F /* Assets.xcassets */,
				B27C205A288F411900D6C75F /* Preview Content */,
			);
			path = SwiftAPI;
			sourceTree = "<group>";
		};
		B27C205A288F411900D6C75F /* Preview Content */ = {
			isa = PBXGroup;
			children = (
				B27C205B288F411900D6C75F /* Preview Assets.xcassets */,
			);
			path = "Preview Content";
			sourceTree = "<group>";
		};
		B27C2062288F434100D6C75F /* Networking */ = {
			isa = PBXGroup;
			children = (
				B27C2073288F615B00D6C75F /* APIClient.swift */,
				B27C206F288F49E200D6C75F /* EndpointType.swift */,
				B27C206D288F453800D6C75F /* HTTPHeader.swift */,
				B27C2067288F43B300D6C75F /* HTTPMethod.swift */,
				B27C2069288F441200D6C75F /* HTTPStatusCode.swift */,
				B27C206B288F450600D6C75F /* HTTPParameters.swift */,
				B27C207D288F947D00D6C75F /* Endpoint.swift */,
			);
			path = Networking;
			sourceTree = "<group>";
		};
		B27C2063288F435400D6C75F /* Views */ = {
			isa = PBXGroup;
			children = (
				B27C2056288F411900D6C75F /* ContentView.swift */,
			);
			path = Views;
			sourceTree = "<group>";
		};
		B27C2064288F436100D6C75F /* ViewModels */ = {
			isa = PBXGroup;
			children = (
				B27C207B288F939C00D6C75F /* CompaniesViewModel.swift */,
			);
			path = ViewModels;
			sourceTree = "<group>";
		};
		B27C2065288F436B00D6C75F /* Models */ = {
			isa = PBXGroup;
			children = (
				B27C2075288F92DA00D6C75F /* Company.swift */,
				B27C2079288F937F00D6C75F /* CompaniesTeamworkResponse.swift */,
				B289A63228AAD61700BA5585 /* CompaniesAirtableResponse.swift */,
			);
			path = Models;
			sourceTree = "<group>";
		};
		B27C2066288F436F00D6C75F /* Application */ = {
			isa = PBXGroup;
			children = (
				B27C2054288F411900D6C75F /* SwiftAPIApp.swift */,
				B289A63428AAE65A00BA5585 /* AppSecrets.swift */,
			);
			path = Application;
			sourceTree = "<group>";
		};
/* End PBXGroup section */

/* Begin PBXNativeTarget section */
		B27C2050288F411900D6C75F /* SwiftAPI */ = {
			isa = PBXNativeTarget;
			buildConfigurationList = B27C205F288F411900D6C75F /* Build configuration list for PBXNativeTarget "SwiftAPI" */;
			buildPhases = (
				B27C204D288F411900D6C75F /* Sources */,
				B27C204E288F411900D6C75F /* Frameworks */,
				B27C204F288F411900D6C75F /* Resources */,
			);
			buildRules = (
			);
			dependencies = (
			);
			name = SwiftAPI;
			productName = SwiftAPI;
			productReference = B27C2051288F411900D6C75F /* SwiftAPI.app */;
			productType = "com.apple.product-type.application";
		};
/* End PBXNativeTarget section */

/* Begin PBXProject section */
		B27C2049288F411900D6C75F /* Project object */ = {
			isa = PBXProject;
			attributes = {
				BuildIndependentTargetsInParallel = 1;
				LastSwiftUpdateCheck = 1400;
				LastUpgradeCheck = 1400;
				TargetAttributes = {
					B27C2050288F411900D6C75F = {
						CreatedOnToolsVersion = 14.0;
					};
				};
			};
			buildConfigurationList = B27C204C288F411900D6C75F /* Build configuration list for PBXProject "SwiftAPI" */;
			compatibilityVersion = "Xcode 14.0";
			developmentRegion = en;
			hasScannedForEncodings = 0;
			knownRegions = (
				en,
				Base,
			);
			mainGroup = B27C2048288F411900D6C75F;
			productRefGroup = B27C2052288F411900D6C75F /* Products */;
			projectDirPath = "";
			projectRoot = "";
			targets = (
				B27C2050288F411900D6C75F /* SwiftAPI */,
			);
		};
/* End PBXProject section */

/* Begin PBXResourcesBuildPhase section */
		B27C204F288F411900D6C75F /* Resources */ = {
			isa = PBXResourcesBuildPhase;
			buildActionMask = 2147483647;
			files = (
				B27C205C288F411900D6C75F /* Preview Assets.xcassets in Resources */,
				B27C2059288F411900D6C75F /* Assets.xcassets in Resources */,
			);
			runOnlyForDeploymentPostprocessing = 0;
		};
/* End PBXResourcesBuildPhase section */

/* Begin PBXSourcesBuildPhase section */
		B27C204D288F411900D6C75F /* Sources */ = {
			isa = PBXSourcesBuildPhase;
			buildActionMask = 2147483647;
			files = (
				B27C2070288F49E200D6C75F /* EndpointType.swift in Sources */,
				B27C206E288F453800D6C75F /* HTTPHeader.swift in Sources */,
				B27C2076288F92DA00D6C75F /* Company.swift in Sources */,
				B27C206C288F450600D6C75F /* HTTPParameters.swift in Sources */,
				B289A63328AAD61700BA5585 /* CompaniesAirtableResponse.swift in Sources */,
				B27C207A288F937F00D6C75F /* CompaniesTeamworkResponse.swift in Sources */,
				B27C2074288F615B00D6C75F /* APIClient.swift in Sources */,
				B27C2057288F411900D6C75F /* ContentView.swift in Sources */,
				B27C207C288F939C00D6C75F /* CompaniesViewModel.swift in Sources */,
				B27C2055288F411900D6C75F /* SwiftAPIApp.swift in Sources */,
				B27C206A288F441200D6C75F /* HTTPStatusCode.swift in Sources */,
				B289A63528AAE65A00BA5585 /* AppSecrets.swift in Sources */,
				B27C207E288F947D00D6C75F /* Endpoint.swift in Sources */,
				B27C2068288F43B300D6C75F /* HTTPMethod.swift in Sources */,
			);
			runOnlyForDeploymentPostprocessing = 0;
		};
/* End PBXSourcesBuildPhase section */

/* Begin XCBuildConfiguration section */
		B27C205D288F411900D6C75F /* Debug */ = {
			isa = XCBuildConfiguration;
			buildSettings = {
				ALWAYS_SEARCH_USER_PATHS = NO;
				CLANG_ANALYZER_NONNULL = YES;
				CLANG_ANALYZER_NUMBER_OBJECT_CONVERSION = YES_AGGRESSIVE;
				CLANG_CXX_LANGUAGE_STANDARD = "gnu++20";
				CLANG_ENABLE_MODULES = YES;
				CLANG_ENABLE_OBJC_ARC = YES;
				CLANG_ENABLE_OBJC_WEAK = YES;
				CLANG_WARN_BLOCK_CAPTURE_AUTORELEASING = YES;
				CLANG_WARN_BOOL_CONVERSION = YES;
				CLANG_WARN_COMMA = YES;
				CLANG_WARN_CONSTANT_CONVERSION = YES;
				CLANG_WARN_DEPRECATED_OBJC_IMPLEMENTATIONS = YES;
				CLANG_WARN_DIRECT_OBJC_ISA_USAGE = YES_ERROR;
				CLANG_WARN_DOCUMENTATION_COMMENTS = YES;
				CLANG_WARN_EMPTY_BODY = YES;
				CLANG_WARN_ENUM_CONVERSION = YES;
				CLANG_WARN_INFINITE_RECURSION = YES;
				CLANG_WARN_INT_CONVERSION = YES;
				CLANG_WARN_NON_LITERAL_NULL_CONVERSION = YES;
				CLANG_WARN_OBJC_IMPLICIT_RETAIN_SELF = YES;
				CLANG_WARN_OBJC_LITERAL_CONVERSION = YES;
				CLANG_WARN_OBJC_ROOT_CLASS = YES_ERROR;
				CLANG_WARN_QUOTED_INCLUDE_IN_FRAMEWORK_HEADER = YES;
				CLANG_WARN_RANGE_LOOP_ANALYSIS = YES;
				CLANG_WARN_STRICT_PROTOTYPES = YES;
				CLANG_WARN_SUSPICIOUS_MOVE = YES;
				CLANG_WARN_UNGUARDED_AVAILABILITY = YES_AGGRESSIVE;
				CLANG_WARN_UNREACHABLE_CODE = YES;
				CLANG_WARN__DUPLICATE_METHOD_MATCH = YES;
				COPY_PHASE_STRIP = NO;
				DEBUG_INFORMATION_FORMAT = dwarf;
				ENABLE_STRICT_OBJC_MSGSEND = YES;
				ENABLE_TESTABILITY = YES;
				GCC_C_LANGUAGE_STANDARD = gnu11;
				GCC_DYNAMIC_NO_PIC = NO;
				GCC_NO_COMMON_BLOCKS = YES;
				GCC_OPTIMIZATION_LEVEL = 0;
				GCC_PREPROCESSOR_DEFINITIONS = (
					"DEBUG=1",
					"$(inherited)",
				);
				GCC_WARN_64_TO_32_BIT_CONVERSION = YES;
				GCC_WARN_ABOUT_RETURN_TYPE = YES_ERROR;
				GCC_WARN_UNDECLARED_SELECTOR = YES;
				GCC_WARN_UNINITIALIZED_AUTOS = YES_AGGRESSIVE;
				GCC_WARN_UNUSED_FUNCTION = YES;
				GCC_WARN_UNUSED_VARIABLE = YES;
				IPHONEOS_DEPLOYMENT_TARGET = 16.0;
				MTL_ENABLE_DEBUG_INFO = INCLUDE_SOURCE;
				MTL_FAST_MATH = YES;
				ONLY_ACTIVE_ARCH = YES;
				SDKROOT = iphoneos;
				SWIFT_ACTIVE_COMPILATION_CONDITIONS = DEBUG;
				SWIFT_OPTIMIZATION_LEVEL = "-Onone";
			};
			name = Debug;
		};
		B27C205E288F411900D6C75F /* Release */ = {
			isa = XCBuildConfiguration;
			buildSettings = {
				ALWAYS_SEARCH_USER_PATHS = NO;
				CLANG_ANALYZER_NONNULL = YES;
				CLANG_ANALYZER_NUMBER_OBJECT_CONVERSION = YES_AGGRESSIVE;
				CLANG_CXX_LANGUAGE_STANDARD = "gnu++20";
				CLANG_ENABLE_MODULES = YES;
				CLANG_ENABLE_OBJC_ARC = YES;
				CLANG_ENABLE_OBJC_WEAK = YES;
				CLANG_WARN_BLOCK_CAPTURE_AUTORELEASING = YES;
				CLANG_WARN_BOOL_CONVERSION = YES;
				CLANG_WARN_COMMA = YES;
				CLANG_WARN_CONSTANT_CONVERSION = YES;
				CLANG_WARN_DEPRECATED_OBJC_IMPLEMENTATIONS = YES;
				CLANG_WARN_DIRECT_OBJC_ISA_USAGE = YES_ERROR;
				CLANG_WARN_DOCUMENTATION_COMMENTS = YES;
				CLANG_WARN_EMPTY_BODY = YES;
				CLANG_WARN_ENUM_CONVERSION = YES;
				CLANG_WARN_INFINITE_RECURSION = YES;
				CLANG_WARN_INT_CONVERSION = YES;
				CLANG_WARN_NON_LITERAL_NULL_CONVERSION = YES;
				CLANG_WARN_OBJC_IMPLICIT_RETAIN_SELF = YES;
				CLANG_WARN_OBJC_LITERAL_CONVERSION = YES;
				CLANG_WARN_OBJC_ROOT_CLASS = YES_ERROR;
				CLANG_WARN_QUOTED_INCLUDE_IN_FRAMEWORK_HEADER = YES;
				CLANG_WARN_RANGE_LOOP_ANALYSIS = YES;
				CLANG_WARN_STRICT_PROTOTYPES = YES;
				CLANG_WARN_SUSPICIOUS_MOVE = YES;
				CLANG_WARN_UNGUARDED_AVAILABILITY = YES_AGGRESSIVE;
				CLANG_WARN_UNREACHABLE_CODE = YES;
				CLANG_WARN__DUPLICATE_METHOD_MATCH = YES;
				COPY_PHASE_STRIP = NO;
				DEBUG_INFORMATION_FORMAT = "dwarf-with-dsym";
				ENABLE_NS_ASSERTIONS = NO;
				ENABLE_STRICT_OBJC_MSGSEND = YES;
				GCC_C_LANGUAGE_STANDARD = gnu11;
				GCC_NO_COMMON_BLOCKS = YES;
				GCC_WARN_64_TO_32_BIT_CONVERSION = YES;
				GCC_WARN_ABOUT_RETURN_TYPE = YES_ERROR;
				GCC_WARN_UNDECLARED_SELECTOR = YES;
				GCC_WARN_UNINITIALIZED_AUTOS = YES_AGGRESSIVE;
				GCC_WARN_UNUSED_FUNCTION = YES;
				GCC_WARN_UNUSED_VARIABLE = YES;
				IPHONEOS_DEPLOYMENT_TARGET = 16.0;
				MTL_ENABLE_DEBUG_INFO = NO;
				MTL_FAST_MATH = YES;
				SDKROOT = iphoneos;
				SWIFT_COMPILATION_MODE = wholemodule;
				SWIFT_OPTIMIZATION_LEVEL = "-O";
				VALIDATE_PRODUCT = YES;
			};
			name = Release;
		};
		B27C2060288F411900D6C75F /* Debug */ = {
			isa = XCBuildConfiguration;
			buildSettings = {
				ASSETCATALOG_COMPILER_APPICON_NAME = AppIcon;
				ASSETCATALOG_COMPILER_GLOBAL_ACCENT_COLOR_NAME = AccentColor;
				CODE_SIGN_STYLE = Automatic;
				CURRENT_PROJECT_VERSION = 1;
				DEVELOPMENT_ASSET_PATHS = "\"SwiftAPI/Preview Content\"";
				DEVELOPMENT_TEAM = 97UYDAFHY2;
				ENABLE_PREVIEWS = YES;
				GENERATE_INFOPLIST_FILE = YES;
				INFOPLIST_KEY_UIApplicationSceneManifest_Generation = YES;
				INFOPLIST_KEY_UIApplicationSupportsIndirectInputEvents = YES;
				INFOPLIST_KEY_UILaunchScreen_Generation = YES;
				INFOPLIST_KEY_UISupportedInterfaceOrientations_iPad = "UIInterfaceOrientationPortrait UIInterfaceOrientationPortraitUpsideDown UIInterfaceOrientationLandscapeLeft UIInterfaceOrientationLandscapeRight";
				INFOPLIST_KEY_UISupportedInterfaceOrientations_iPhone = "UIInterfaceOrientationPortrait UIInterfaceOrientationLandscapeLeft UIInterfaceOrientationLandscapeRight";
				LD_RUNPATH_SEARCH_PATHS = (
					"$(inherited)",
					"@executable_path/Frameworks",
				);
				MARKETING_VERSION = 1.0;
				PRODUCT_BUNDLE_IDENTIFIER = com.miltera.SwiftAPI;
				PRODUCT_NAME = "$(TARGET_NAME)";
				SWIFT_EMIT_LOC_STRINGS = YES;
				SWIFT_VERSION = 5.0;
				TARGETED_DEVICE_FAMILY = "1,2";
			};
			name = Debug;
		};
		B27C2061288F411900D6C75F /* Release */ = {
			isa = XCBuildConfiguration;
			buildSettings = {
				ASSETCATALOG_COMPILER_APPICON_NAME = AppIcon;
				ASSETCATALOG_COMPILER_GLOBAL_ACCENT_COLOR_NAME = AccentColor;
				CODE_SIGN_STYLE = Automatic;
				CURRENT_PROJECT_VERSION = 1;
				DEVELOPMENT_ASSET_PATHS = "\"SwiftAPI/Preview Content\"";
				DEVELOPMENT_TEAM = 97UYDAFHY2;
				ENABLE_PREVIEWS = YES;
				GENERATE_INFOPLIST_FILE = YES;
				INFOPLIST_KEY_UIApplicationSceneManifest_Generation = YES;
				INFOPLIST_KEY_UIApplicationSupportsIndirectInputEvents = YES;
				INFOPLIST_KEY_UILaunchScreen_Generation = YES;
				INFOPLIST_KEY_UISupportedInterfaceOrientations_iPad = "UIInterfaceOrientationPortrait UIInterfaceOrientationPortraitUpsideDown UIInterfaceOrientationLandscapeLeft UIInterfaceOrientationLandscapeRight";
				INFOPLIST_KEY_UISupportedInterfaceOrientations_iPhone = "UIInterfaceOrientationPortrait UIInterfaceOrientationLandscapeLeft UIInterfaceOrientationLandscapeRight";
				LD_RUNPATH_SEARCH_PATHS = (
					"$(inherited)",
					"@executable_path/Frameworks",
				);
				MARKETING_VERSION = 1.0;
				PRODUCT_BUNDLE_IDENTIFIER = com.miltera.SwiftAPI;
				PRODUCT_NAME = "$(TARGET_NAME)";
				SWIFT_EMIT_LOC_STRINGS = YES;
				SWIFT_VERSION = 5.0;
				TARGETED_DEVICE_FAMILY = "1,2";
			};
			name = Release;
		};
/* End XCBuildConfiguration section */

/* Begin XCConfigurationList section */
		B27C204C288F411900D6C75F /* Build configuration list for PBXProject "SwiftAPI" */ = {
			isa = XCConfigurationList;
			buildConfigurations = (
				B27C205D288F411900D6C75F /* Debug */,
				B27C205E288F411900D6C75F /* Release */,
			);
			defaultConfigurationIsVisible = 0;
			defaultConfigurationName = Release;
		};
		B27C205F288F411900D6C75F /* Build configuration list for PBXNativeTarget "SwiftAPI" */ = {
			isa = XCConfigurationList;
			buildConfigurations = (
				B27C2060288F411900D6C75F /* Debug */,
				B27C2061288F411900D6C75F /* Release */,
			);
			defaultConfigurationIsVisible = 0;
			defaultConfigurationName = Release;
		};
/* End XCConfigurationList section */
	};
	rootObject = B27C2049288F411900D6C75F /* Project object */;
}
